{
	"name": "@virtocommerce/demo-manager",
	"version": "0.0.3",
	"lockfileVersion": 2,
	"requires": true,
	"packages": {
		"": {
			"name": "@virtocommerce/demo-manager",
			"version": "0.0.3",
			"devDependencies": {
				"typescript": "~4.1.5"
			}
		},
		"node_modules/typescript": {
			"version": "4.1.6",
			"resolved": "https://registry.npmjs.org/typescript/-/typescript-4.1.6.tgz",
			"integrity": "sha512-pxnwLxeb/Z5SP80JDRzVjh58KsM6jZHRAOtTpS7sXLS4ogXNKC9ANxHHZqLLeVHZN35jCtI4JdmLLbLiC1kBow==",
			"dev": true,
			"bin": {
				"tsc": "bin/tsc",
				"tsserver": "bin/tsserver"
			},
			"engines": {
				"node": ">=4.2.0"
			}
		}
	},
	"dependencies": {
		"typescript": {
			"version": "4.1.6",
			"resolved": "https://registry.npmjs.org/typescript/-/typescript-4.1.6.tgz",
			"integrity": "sha512-pxnwLxeb/Z5SP80JDRzVjh58KsM6jZHRAOtTpS7sXLS4ogXNKC9ANxHHZqLLeVHZN35jCtI4JdmLLbLiC1kBow==",
			"dev": true
		}
	}
}
