{
	"name": "@virtocommerce/platform-manager-core",
	"version": "0.0.7",
	"lockfileVersion": 2,
	"requires": true,
	"packages": {
		"": {
			"name": "@virtocommerce/platform-manager-core",
			"version": "0.0.4",
			"devDependencies": {
				"vue-i18n": "^9.1.0"
			}
		},
		"../platform-manager-ui": {
			"name": "@virtocommerce/platform-manager-ui",
			"version": "0.0.4",
			"extraneous": true,
			"devDependencies": {
				"@storybook/addon-controls": "^6.3.4",
				"@storybook/addon-docs": "^6.3.4",
				"@storybook/core": "^6.3.4",
				"@storybook/vue3": "^6.3.4",
				"@vue/cli-plugin-babel": "~4.5.0",
				"@vue/cli-plugin-typescript": "~4.5.0",
				"@vue/cli-service": "~4.5.0",
				"@vue/compiler-sfc": "^3.0.0",
				"babel-loader": "^8.2.2",
				"core-js": "^3.6.5",
				"css-loader": "^5.0.0",
				"less": "^3.0.4",
				"less-loader": "^5.0.0",
				"style-loader": "^2.0.0",
				"typescript": "^4.3.5",
				"vue": "^3.0.0",
				"vue-cli-plugin-storybook": "~2.1.0",
				"vue-logger-plugin": "^2.1.2"
			}
		},
		"node_modules/@babel/helper-validator-identifier": {
			"version": "7.14.8",
			"resolved": "https://registry.npmjs.org/@babel/helper-validator-identifier/-/helper-validator-identifier-7.14.8.tgz",
			"integrity": "sha512-ZGy6/XQjllhYQrNw/3zfWRwZCTVSiBLZ9DHVZxn9n2gip/7ab8mv2TWlKPIBk26RwedCBoWdjLmn+t9na2Gcow==",
			"dev": true,
			"peer": true,
			"engines": {
				"node": ">=6.9.0"
			}
		},
		"node_modules/@babel/parser": {
			"version": "7.14.8",
			"resolved": "https://registry.npmjs.org/@babel/parser/-/parser-7.14.8.tgz",
			"integrity": "sha512-syoCQFOoo/fzkWDeM0dLEZi5xqurb5vuyzwIMNZRNun+N/9A4cUZeQaE7dTrB8jGaKuJRBtEOajtnmw0I5hvvA==",
			"dev": true,
			"peer": true,
			"bin": {
				"parser": "bin/babel-parser.js"
			},
			"engines": {
				"node": ">=6.0.0"
			}
		},
		"node_modules/@babel/types": {
			"version": "7.14.8",
			"resolved": "https://registry.npmjs.org/@babel/types/-/types-7.14.8.tgz",
			"integrity": "sha512-iob4soQa7dZw8nodR/KlOQkPh9S4I8RwCxwRIFuiMRYjOzH/KJzdUfDgz6cGi5dDaclXF4P2PAhCdrBJNIg68Q==",
			"dev": true,
			"peer": true,
			"dependencies": {
				"@babel/helper-validator-identifier": "^7.14.8",
				"to-fast-properties": "^2.0.0"
			},
			"engines": {
				"node": ">=6.9.0"
			}
		},
		"node_modules/@intlify/core-base": {
			"version": "9.1.7",
			"resolved": "https://registry.npmjs.org/@intlify/core-base/-/core-base-9.1.7.tgz",
			"integrity": "sha512-q1W2j81xbHyfKrNcca/CeJyf0Bcx4u9UDu05l7AaiJbqOseTme2o2I3wp1hDDCtmC7k7HgX0sAygyHNJH9swuQ==",
			"dev": true,
			"dependencies": {
				"@intlify/devtools-if": "9.1.7",
				"@intlify/message-compiler": "9.1.7",
				"@intlify/message-resolver": "9.1.7",
				"@intlify/runtime": "9.1.7",
				"@intlify/shared": "9.1.7",
				"@intlify/vue-devtools": "9.1.7"
			},
			"engines": {
				"node": ">= 10"
			}
		},
		"node_modules/@intlify/devtools-if": {
			"version": "9.1.7",
			"resolved": "https://registry.npmjs.org/@intlify/devtools-if/-/devtools-if-9.1.7.tgz",
			"integrity": "sha512-/DcN5FUySSkQhDqx5y1RvxfuCXO3Ot/dUEIOs472qbM7Hyb2qif+eXCnwHBzlI4+wEfQVT6L0PiM1a7Er/ro9g==",
			"dev": true,
			"dependencies": {
				"@intlify/shared": "9.1.7"
			},
			"engines": {
				"node": ">= 10"
			}
		},
		"node_modules/@intlify/message-compiler": {
			"version": "9.1.7",
			"resolved": "https://registry.npmjs.org/@intlify/message-compiler/-/message-compiler-9.1.7.tgz",
			"integrity": "sha512-JZNkAhr3O7tnbdbRBcpYfqr/Ai26WTzX0K/lV8Y1KVdOIj/dGiamaffdWUdFiDXUnbJRNbPiOaKxy7Pwip3KxQ==",
			"dev": true,
			"dependencies": {
				"@intlify/message-resolver": "9.1.7",
				"@intlify/shared": "9.1.7",
				"source-map": "0.6.1"
			},
			"engines": {
				"node": ">= 10"
			}
		},
		"node_modules/@intlify/message-resolver": {
			"version": "9.1.7",
			"resolved": "https://registry.npmjs.org/@intlify/message-resolver/-/message-resolver-9.1.7.tgz",
			"integrity": "sha512-WTK+OaXJYjyquLGhuCyDvU2WHkG+kXzXeHagmVFHn+s118Jf2143zzkLLUrapP5CtZ/csuyjmYg7b3xQRQAmvw==",
			"dev": true,
			"engines": {
				"node": ">= 10"
			}
		},
		"node_modules/@intlify/runtime": {
			"version": "9.1.7",
			"resolved": "https://registry.npmjs.org/@intlify/runtime/-/runtime-9.1.7.tgz",
			"integrity": "sha512-QURPSlzhOVnRwS2XMGpCDsDkP42kfVBh94aAORxh/gVGzdgJip2vagrIFij/J69aEqdB476WJkMhVjP8VSHmiA==",
			"dev": true,
			"dependencies": {
				"@intlify/message-compiler": "9.1.7",
				"@intlify/message-resolver": "9.1.7",
				"@intlify/shared": "9.1.7"
			},
			"engines": {
				"node": ">= 10"
			}
		},
		"node_modules/@intlify/shared": {
			"version": "9.1.7",
			"resolved": "https://registry.npmjs.org/@intlify/shared/-/shared-9.1.7.tgz",
			"integrity": "sha512-zt0zlUdalumvT9AjQNxPXA36UgOndUyvBMplh8uRZU0fhWHAwhnJTcf0NaG9Qvr8I1n3HPSs96+kLb/YdwTavQ==",
			"dev": true,
			"engines": {
				"node": ">= 10"
			}
		},
		"node_modules/@intlify/vue-devtools": {
			"version": "9.1.7",
			"resolved": "https://registry.npmjs.org/@intlify/vue-devtools/-/vue-devtools-9.1.7.tgz",
			"integrity": "sha512-DI5Wc0aOiohtBUGUkKAcryCWbbuaO4/PK4Pa/LaNCsFNxbtgR5qkIDmhBv9xVPYGTUhySXxaDDAMvOpBjhPJjw==",
			"dev": true,
			"dependencies": {
				"@intlify/message-resolver": "9.1.7",
				"@intlify/runtime": "9.1.7",
				"@intlify/shared": "9.1.7"
			},
			"engines": {
				"node": ">= 10"
			}
		},
		"node_modules/@vue/compiler-core": {
			"version": "3.1.5",
			"resolved": "https://registry.npmjs.org/@vue/compiler-core/-/compiler-core-3.1.5.tgz",
			"integrity": "sha512-TXBhFinoBaXKDykJzY26UEuQU1K07FOp/0Ie+OXySqqk0bS0ZO7Xvl7UmiTUPYcLrWbxWBR7Bs/y55AI0MNc2Q==",
			"dev": true,
			"peer": true,
			"dependencies": {
				"@babel/parser": "^7.12.0",
				"@babel/types": "^7.12.0",
				"@vue/shared": "3.1.5",
				"estree-walker": "^2.0.1",
				"source-map": "^0.6.1"
			}
		},
		"node_modules/@vue/compiler-dom": {
			"version": "3.1.5",
			"resolved": "https://registry.npmjs.org/@vue/compiler-dom/-/compiler-dom-3.1.5.tgz",
			"integrity": "sha512-ZsL3jqJ52OjGU/YiT/9XiuZAmWClKInZM2aFJh9gnsAPqOrj2JIELMbkIFpVKR/CrVO/f2VxfPiiQdQTr65jcQ==",
			"dev": true,
			"peer": true,
			"dependencies": {
				"@vue/compiler-core": "3.1.5",
				"@vue/shared": "3.1.5"
			}
		},
		"node_modules/@vue/devtools-api": {
			"version": "6.0.0-beta.15",
			"resolved": "https://registry.npmjs.org/@vue/devtools-api/-/devtools-api-6.0.0-beta.15.tgz",
			"integrity": "sha512-quBx4Jjpexo6KDiNUGFr/zF/2A4srKM9S9v2uHgMXSU//hjgq1eGzqkIFql8T9gfX5ZaVOUzYBP3jIdIR3PKIA==",
			"dev": true
		},
		"node_modules/@vue/reactivity": {
			"version": "3.1.5",
			"resolved": "https://registry.npmjs.org/@vue/reactivity/-/reactivity-3.1.5.tgz",
			"integrity": "sha512-1tdfLmNjWG6t/CsPldh+foumYFo3cpyCHgBYQ34ylaMsJ+SNHQ1kApMIa8jN+i593zQuaw3AdWH0nJTARzCFhg==",
			"dev": true,
			"peer": true,
			"dependencies": {
				"@vue/shared": "3.1.5"
			}
		},
		"node_modules/@vue/runtime-core": {
			"version": "3.1.5",
			"resolved": "https://registry.npmjs.org/@vue/runtime-core/-/runtime-core-3.1.5.tgz",
			"integrity": "sha512-YQbG5cBktN1RowQDKA22itmvQ+b40f0WgQ6CXK4VYoYICAiAfu6Cc14777ve8zp1rJRGtk5oIeS149TOculrTg==",
			"dev": true,
			"peer": true,
			"dependencies": {
				"@vue/reactivity": "3.1.5",
				"@vue/shared": "3.1.5"
			}
		},
		"node_modules/@vue/runtime-dom": {
			"version": "3.1.5",
			"resolved": "https://registry.npmjs.org/@vue/runtime-dom/-/runtime-dom-3.1.5.tgz",
			"integrity": "sha512-tNcf3JhVR0RfW0kw1p8xZgv30nvX8Y9rsz7eiQ0dHe273sfoCngAG0y4GvMaY4Xd8FsjUwFedd4suQ8Lu8meXg==",
			"dev": true,
			"peer": true,
			"dependencies": {
				"@vue/runtime-core": "3.1.5",
				"@vue/shared": "3.1.5",
				"csstype": "^2.6.8"
			}
		},
		"node_modules/@vue/shared": {
			"version": "3.1.5",
			"resolved": "https://registry.npmjs.org/@vue/shared/-/shared-3.1.5.tgz",
			"integrity": "sha512-oJ4F3TnvpXaQwZJNF3ZK+kLPHKarDmJjJ6jyzVNDKH9md1dptjC7lWR//jrGuLdek/U6iltWxqAnYOu8gCiOvA==",
			"dev": true,
			"peer": true
		},
		"node_modules/csstype": {
			"version": "2.6.17",
			"resolved": "https://registry.npmjs.org/csstype/-/csstype-2.6.17.tgz",
			"integrity": "sha512-u1wmTI1jJGzCJzWndZo8mk4wnPTZd1eOIYTYvuEyOQGfmDl3TrabCCfKnOC86FZwW/9djqTl933UF/cS425i9A==",
			"dev": true,
			"peer": true
		},
		"node_modules/estree-walker": {
			"version": "2.0.2",
			"resolved": "https://registry.npmjs.org/estree-walker/-/estree-walker-2.0.2.tgz",
			"integrity": "sha512-Rfkk/Mp/DL7JVje3u18FxFujQlTNR2q6QfMSMB7AvCBx91NGj/ba3kCfza0f6dVDbw7YlRf/nDrn7pQrCCyQ/w==",
			"dev": true,
			"peer": true
		},
		"node_modules/source-map": {
			"version": "0.6.1",
			"resolved": "https://registry.npmjs.org/source-map/-/source-map-0.6.1.tgz",
			"integrity": "sha512-UjgapumWlbMhkBgzT7Ykc5YXUT46F0iKu8SGXq0bcwP5dz/h0Plj6enJqjz1Zbq2l5WaqYnrVbwWOWMyF3F47g==",
			"dev": true,
			"engines": {
				"node": ">=0.10.0"
			}
		},
		"node_modules/to-fast-properties": {
			"version": "2.0.0",
			"resolved": "https://registry.npmjs.org/to-fast-properties/-/to-fast-properties-2.0.0.tgz",
			"integrity": "sha1-3F5pjL0HkmW8c+A3doGk5Og/YW4=",
			"dev": true,
			"peer": true,
			"engines": {
				"node": ">=4"
			}
		},
		"node_modules/vue": {
			"version": "3.1.5",
			"resolved": "https://registry.npmjs.org/vue/-/vue-3.1.5.tgz",
			"integrity": "sha512-Ho7HNb1nfDoO+HVb6qYZgeaobt1XbY6KXFe4HGs1b9X6RhkWG/113n4/SrtM1LUclM6OrP/Se5aPHHvAPG1iVQ==",
			"dev": true,
			"peer": true,
			"dependencies": {
				"@vue/compiler-dom": "3.1.5",
				"@vue/runtime-dom": "3.1.5",
				"@vue/shared": "3.1.5"
			}
		},
		"node_modules/vue-i18n": {
			"version": "9.1.7",
			"resolved": "https://registry.npmjs.org/vue-i18n/-/vue-i18n-9.1.7.tgz",
			"integrity": "sha512-ujuuDanoHqtEd4GejWrbG/fXE9nrP51ElsEGxp0WBHfv+/ki0/wyUqkO+4fLikki2obGtXdviTPH0VNpas5K6g==",
			"dev": true,
			"dependencies": {
				"@intlify/core-base": "9.1.7",
				"@intlify/shared": "9.1.7",
				"@intlify/vue-devtools": "9.1.7",
				"@vue/devtools-api": "^6.0.0-beta.7"
			},
			"engines": {
				"node": ">= 10"
			},
			"peerDependencies": {
				"vue": "^3.0.0"
			}
		}
	},
	"dependencies": {
		"@babel/helper-validator-identifier": {
			"version": "7.14.8",
			"resolved": "https://registry.npmjs.org/@babel/helper-validator-identifier/-/helper-validator-identifier-7.14.8.tgz",
			"integrity": "sha512-ZGy6/XQjllhYQrNw/3zfWRwZCTVSiBLZ9DHVZxn9n2gip/7ab8mv2TWlKPIBk26RwedCBoWdjLmn+t9na2Gcow==",
			"dev": true,
			"peer": true
		},
		"@babel/parser": {
			"version": "7.14.8",
			"resolved": "https://registry.npmjs.org/@babel/parser/-/parser-7.14.8.tgz",
			"integrity": "sha512-syoCQFOoo/fzkWDeM0dLEZi5xqurb5vuyzwIMNZRNun+N/9A4cUZeQaE7dTrB8jGaKuJRBtEOajtnmw0I5hvvA==",
			"dev": true,
			"peer": true
		},
		"@babel/types": {
			"version": "7.14.8",
			"resolved": "https://registry.npmjs.org/@babel/types/-/types-7.14.8.tgz",
			"integrity": "sha512-iob4soQa7dZw8nodR/KlOQkPh9S4I8RwCxwRIFuiMRYjOzH/KJzdUfDgz6cGi5dDaclXF4P2PAhCdrBJNIg68Q==",
			"dev": true,
			"peer": true,
			"requires": {
				"@babel/helper-validator-identifier": "^7.14.8",
				"to-fast-properties": "^2.0.0"
			}
		},
		"@intlify/core-base": {
			"version": "9.1.7",
			"resolved": "https://registry.npmjs.org/@intlify/core-base/-/core-base-9.1.7.tgz",
			"integrity": "sha512-q1W2j81xbHyfKrNcca/CeJyf0Bcx4u9UDu05l7AaiJbqOseTme2o2I3wp1hDDCtmC7k7HgX0sAygyHNJH9swuQ==",
			"dev": true,
			"requires": {
				"@intlify/devtools-if": "9.1.7",
				"@intlify/message-compiler": "9.1.7",
				"@intlify/message-resolver": "9.1.7",
				"@intlify/runtime": "9.1.7",
				"@intlify/shared": "9.1.7",
				"@intlify/vue-devtools": "9.1.7"
			}
		},
		"@intlify/devtools-if": {
			"version": "9.1.7",
			"resolved": "https://registry.npmjs.org/@intlify/devtools-if/-/devtools-if-9.1.7.tgz",
			"integrity": "sha512-/DcN5FUySSkQhDqx5y1RvxfuCXO3Ot/dUEIOs472qbM7Hyb2qif+eXCnwHBzlI4+wEfQVT6L0PiM1a7Er/ro9g==",
			"dev": true,
			"requires": {
				"@intlify/shared": "9.1.7"
			}
		},
		"@intlify/message-compiler": {
			"version": "9.1.7",
			"resolved": "https://registry.npmjs.org/@intlify/message-compiler/-/message-compiler-9.1.7.tgz",
			"integrity": "sha512-JZNkAhr3O7tnbdbRBcpYfqr/Ai26WTzX0K/lV8Y1KVdOIj/dGiamaffdWUdFiDXUnbJRNbPiOaKxy7Pwip3KxQ==",
			"dev": true,
			"requires": {
				"@intlify/message-resolver": "9.1.7",
				"@intlify/shared": "9.1.7",
				"source-map": "0.6.1"
			}
		},
		"@intlify/message-resolver": {
			"version": "9.1.7",
			"resolved": "https://registry.npmjs.org/@intlify/message-resolver/-/message-resolver-9.1.7.tgz",
			"integrity": "sha512-WTK+OaXJYjyquLGhuCyDvU2WHkG+kXzXeHagmVFHn+s118Jf2143zzkLLUrapP5CtZ/csuyjmYg7b3xQRQAmvw==",
			"dev": true
		},
		"@intlify/runtime": {
			"version": "9.1.7",
			"resolved": "https://registry.npmjs.org/@intlify/runtime/-/runtime-9.1.7.tgz",
			"integrity": "sha512-QURPSlzhOVnRwS2XMGpCDsDkP42kfVBh94aAORxh/gVGzdgJip2vagrIFij/J69aEqdB476WJkMhVjP8VSHmiA==",
			"dev": true,
			"requires": {
				"@intlify/message-compiler": "9.1.7",
				"@intlify/message-resolver": "9.1.7",
				"@intlify/shared": "9.1.7"
			}
		},
		"@intlify/shared": {
			"version": "9.1.7",
			"resolved": "https://registry.npmjs.org/@intlify/shared/-/shared-9.1.7.tgz",
			"integrity": "sha512-zt0zlUdalumvT9AjQNxPXA36UgOndUyvBMplh8uRZU0fhWHAwhnJTcf0NaG9Qvr8I1n3HPSs96+kLb/YdwTavQ==",
			"dev": true
		},
		"@intlify/vue-devtools": {
			"version": "9.1.7",
			"resolved": "https://registry.npmjs.org/@intlify/vue-devtools/-/vue-devtools-9.1.7.tgz",
			"integrity": "sha512-DI5Wc0aOiohtBUGUkKAcryCWbbuaO4/PK4Pa/LaNCsFNxbtgR5qkIDmhBv9xVPYGTUhySXxaDDAMvOpBjhPJjw==",
			"dev": true,
			"requires": {
				"@intlify/message-resolver": "9.1.7",
				"@intlify/runtime": "9.1.7",
				"@intlify/shared": "9.1.7"
			}
		},
		"@vue/compiler-core": {
			"version": "3.1.5",
			"resolved": "https://registry.npmjs.org/@vue/compiler-core/-/compiler-core-3.1.5.tgz",
			"integrity": "sha512-TXBhFinoBaXKDykJzY26UEuQU1K07FOp/0Ie+OXySqqk0bS0ZO7Xvl7UmiTUPYcLrWbxWBR7Bs/y55AI0MNc2Q==",
			"dev": true,
			"peer": true,
			"requires": {
				"@babel/parser": "^7.12.0",
				"@babel/types": "^7.12.0",
				"@vue/shared": "3.1.5",
				"estree-walker": "^2.0.1",
				"source-map": "^0.6.1"
			}
		},
		"@vue/compiler-dom": {
			"version": "3.1.5",
			"resolved": "https://registry.npmjs.org/@vue/compiler-dom/-/compiler-dom-3.1.5.tgz",
			"integrity": "sha512-ZsL3jqJ52OjGU/YiT/9XiuZAmWClKInZM2aFJh9gnsAPqOrj2JIELMbkIFpVKR/CrVO/f2VxfPiiQdQTr65jcQ==",
			"dev": true,
			"peer": true,
			"requires": {
				"@vue/compiler-core": "3.1.5",
				"@vue/shared": "3.1.5"
			}
		},
		"@vue/devtools-api": {
			"version": "6.0.0-beta.15",
			"resolved": "https://registry.npmjs.org/@vue/devtools-api/-/devtools-api-6.0.0-beta.15.tgz",
			"integrity": "sha512-quBx4Jjpexo6KDiNUGFr/zF/2A4srKM9S9v2uHgMXSU//hjgq1eGzqkIFql8T9gfX5ZaVOUzYBP3jIdIR3PKIA==",
			"dev": true
		},
		"@vue/reactivity": {
			"version": "3.1.5",
			"resolved": "https://registry.npmjs.org/@vue/reactivity/-/reactivity-3.1.5.tgz",
			"integrity": "sha512-1tdfLmNjWG6t/CsPldh+foumYFo3cpyCHgBYQ34ylaMsJ+SNHQ1kApMIa8jN+i593zQuaw3AdWH0nJTARzCFhg==",
			"dev": true,
			"peer": true,
			"requires": {
				"@vue/shared": "3.1.5"
			}
		},
		"@vue/runtime-core": {
			"version": "3.1.5",
			"resolved": "https://registry.npmjs.org/@vue/runtime-core/-/runtime-core-3.1.5.tgz",
			"integrity": "sha512-YQbG5cBktN1RowQDKA22itmvQ+b40f0WgQ6CXK4VYoYICAiAfu6Cc14777ve8zp1rJRGtk5oIeS149TOculrTg==",
			"dev": true,
			"peer": true,
			"requires": {
				"@vue/reactivity": "3.1.5",
				"@vue/shared": "3.1.5"
			}
		},
		"@vue/runtime-dom": {
			"version": "3.1.5",
			"resolved": "https://registry.npmjs.org/@vue/runtime-dom/-/runtime-dom-3.1.5.tgz",
			"integrity": "sha512-tNcf3JhVR0RfW0kw1p8xZgv30nvX8Y9rsz7eiQ0dHe273sfoCngAG0y4GvMaY4Xd8FsjUwFedd4suQ8Lu8meXg==",
			"dev": true,
			"peer": true,
			"requires": {
				"@vue/runtime-core": "3.1.5",
				"@vue/shared": "3.1.5",
				"csstype": "^2.6.8"
			}
		},
		"@vue/shared": {
			"version": "3.1.5",
			"resolved": "https://registry.npmjs.org/@vue/shared/-/shared-3.1.5.tgz",
			"integrity": "sha512-oJ4F3TnvpXaQwZJNF3ZK+kLPHKarDmJjJ6jyzVNDKH9md1dptjC7lWR//jrGuLdek/U6iltWxqAnYOu8gCiOvA==",
			"dev": true,
			"peer": true
		},
		"csstype": {
			"version": "2.6.17",
			"resolved": "https://registry.npmjs.org/csstype/-/csstype-2.6.17.tgz",
			"integrity": "sha512-u1wmTI1jJGzCJzWndZo8mk4wnPTZd1eOIYTYvuEyOQGfmDl3TrabCCfKnOC86FZwW/9djqTl933UF/cS425i9A==",
			"dev": true,
			"peer": true
		},
		"estree-walker": {
			"version": "2.0.2",
			"resolved": "https://registry.npmjs.org/estree-walker/-/estree-walker-2.0.2.tgz",
			"integrity": "sha512-Rfkk/Mp/DL7JVje3u18FxFujQlTNR2q6QfMSMB7AvCBx91NGj/ba3kCfza0f6dVDbw7YlRf/nDrn7pQrCCyQ/w==",
			"dev": true,
			"peer": true
		},
		"source-map": {
			"version": "0.6.1",
			"resolved": "https://registry.npmjs.org/source-map/-/source-map-0.6.1.tgz",
			"integrity": "sha512-UjgapumWlbMhkBgzT7Ykc5YXUT46F0iKu8SGXq0bcwP5dz/h0Plj6enJqjz1Zbq2l5WaqYnrVbwWOWMyF3F47g==",
			"dev": true
		},
		"to-fast-properties": {
			"version": "2.0.0",
			"resolved": "https://registry.npmjs.org/to-fast-properties/-/to-fast-properties-2.0.0.tgz",
			"integrity": "sha1-3F5pjL0HkmW8c+A3doGk5Og/YW4=",
			"dev": true,
			"peer": true
		},
		"vue": {
			"version": "3.1.5",
			"resolved": "https://registry.npmjs.org/vue/-/vue-3.1.5.tgz",
			"integrity": "sha512-Ho7HNb1nfDoO+HVb6qYZgeaobt1XbY6KXFe4HGs1b9X6RhkWG/113n4/SrtM1LUclM6OrP/Se5aPHHvAPG1iVQ==",
			"dev": true,
			"peer": true,
			"requires": {
				"@vue/compiler-dom": "3.1.5",
				"@vue/runtime-dom": "3.1.5",
				"@vue/shared": "3.1.5"
			}
		},
		"vue-i18n": {
			"version": "9.1.7",
			"resolved": "https://registry.npmjs.org/vue-i18n/-/vue-i18n-9.1.7.tgz",
			"integrity": "sha512-ujuuDanoHqtEd4GejWrbG/fXE9nrP51ElsEGxp0WBHfv+/ki0/wyUqkO+4fLikki2obGtXdviTPH0VNpas5K6g==",
			"dev": true,
			"requires": {
				"@intlify/core-base": "9.1.7",
				"@intlify/shared": "9.1.7",
				"@intlify/vue-devtools": "9.1.7",
				"@vue/devtools-api": "^6.0.0-beta.7"
			}
		}
	}
}
